// !$*UTF8*$!
{
	archiveVersion = 1;
	classes = {
	};
	objectVersion = 46;
	objects = {

/* Begin PBXBuildFile section */
		F12713B01DCF9E9F005928AD /* RatingTableViewCell.swift in Sources */ = {isa = PBXBuildFile; fileRef = F12713AF1DCF9E9F005928AD /* RatingTableViewCell.swift */; };
		F12713B21DCFC105005928AD /* WriteReviewTableViewCell.swift in Sources */ = {isa = PBXBuildFile; fileRef = F12713B11DCFC105005928AD /* WriteReviewTableViewCell.swift */; };
		F12C27511DCE45A800AEE0A3 /* AppDelegate.swift in Sources */ = {isa = PBXBuildFile; fileRef = F12C27501DCE45A800AEE0A3 /* AppDelegate.swift */; };
		F12C27531DCE45A800AEE0A3 /* ViewController.swift in Sources */ = {isa = PBXBuildFile; fileRef = F12C27521DCE45A800AEE0A3 /* ViewController.swift */; };
		F12C27561DCE45A800AEE0A3 /* Main.storyboard in Resources */ = {isa = PBXBuildFile; fileRef = F12C27541DCE45A800AEE0A3 /* Main.storyboard */; };
		F12C27581DCE45A800AEE0A3 /* Assets.xcassets in Resources */ = {isa = PBXBuildFile; fileRef = F12C27571DCE45A800AEE0A3 /* Assets.xcassets */; };
		F12C275B1DCE45A800AEE0A3 /* LaunchScreen.storyboard in Resources */ = {isa = PBXBuildFile; fileRef = F12C27591DCE45A800AEE0A3 /* LaunchScreen.storyboard */; };
		F12C27651DCE643D00AEE0A3 /* NetworkConnectivity.swift in Sources */ = {isa = PBXBuildFile; fileRef = F12C27641DCE643D00AEE0A3 /* NetworkConnectivity.swift */; };
		F12C27671DCE662800AEE0A3 /* BaseNSURLSession.swift in Sources */ = {isa = PBXBuildFile; fileRef = F12C27661DCE662800AEE0A3 /* BaseNSURLSession.swift */; };
		F12C27691DCE66D900AEE0A3 /* URLPath.swift in Sources */ = {isa = PBXBuildFile; fileRef = F12C27681DCE66D900AEE0A3 /* URLPath.swift */; };
		F12C276B1DCE6DDF00AEE0A3 /* DataSession.swift in Sources */ = {isa = PBXBuildFile; fileRef = F12C276A1DCE6DDF00AEE0A3 /* DataSession.swift */; };
		F12C276F1DCE77A900AEE0A3 /* OTPViewController.swift in Sources */ = {isa = PBXBuildFile; fileRef = F12C276E1DCE77A900AEE0A3 /* OTPViewController.swift */; };
		F12C27711DCEFDE100AEE0A3 /* JoinViewController.swift in Sources */ = {isa = PBXBuildFile; fileRef = F12C27701DCEFDE100AEE0A3 /* JoinViewController.swift */; };
		F12C27731DCF079E00AEE0A3 /* InputTableViewCell.swift in Sources */ = {isa = PBXBuildFile; fileRef = F12C27721DCF079E00AEE0A3 /* InputTableViewCell.swift */; };
		F12C27751DCF07BB00AEE0A3 /* ClickTableViewCell.swift in Sources */ = {isa = PBXBuildFile; fileRef = F12C27741DCF07BB00AEE0A3 /* ClickTableViewCell.swift */; };
		F12C27771DCF3DFA00AEE0A3 /* ContactViewController.swift in Sources */ = {isa = PBXBuildFile; fileRef = F12C27761DCF3DFA00AEE0A3 /* ContactViewController.swift */; };
		F12C27791DCF497F00AEE0A3 /* ContactTableViewCell.swift in Sources */ = {isa = PBXBuildFile; fileRef = F12C27781DCF497F00AEE0A3 /* ContactTableViewCell.swift */; };
		F12C277B1DCF75F800AEE0A3 /* SearchViewController.swift in Sources */ = {isa = PBXBuildFile; fileRef = F12C277A1DCF75F800AEE0A3 /* SearchViewController.swift */; };
		F12C277D1DCF761D00AEE0A3 /* FeedsViewController.swift in Sources */ = {isa = PBXBuildFile; fileRef = F12C277C1DCF761D00AEE0A3 /* FeedsViewController.swift */; };
		F12C277F1DCF763F00AEE0A3 /* ProfileViewController.swift in Sources */ = {isa = PBXBuildFile; fileRef = F12C277E1DCF763F00AEE0A3 /* ProfileViewController.swift */; };
		F12C27811DCF765300AEE0A3 /* ChatViewController.swift in Sources */ = {isa = PBXBuildFile; fileRef = F12C27801DCF765300AEE0A3 /* ChatViewController.swift */; };
		F12C27831DCF85CB00AEE0A3 /* RateANdReviewViewController.swift in Sources */ = {isa = PBXBuildFile; fileRef = F12C27821DCF85CB00AEE0A3 /* RateANdReviewViewController.swift */; };
/* End PBXBuildFile section */

/* Begin PBXFileReference section */
		F12713AF1DCF9E9F005928AD /* RatingTableViewCell.swift */ = {isa = PBXFileReference; fileEncoding = 4; lastKnownFileType = sourcecode.swift; path = RatingTableViewCell.swift; sourceTree = "<group>"; };
		F12713B11DCFC105005928AD /* WriteReviewTableViewCell.swift */ = {isa = PBXFileReference; fileEncoding = 4; lastKnownFileType = sourcecode.swift; path = WriteReviewTableViewCell.swift; sourceTree = "<group>"; };
		F12C274D1DCE45A800AEE0A3 /* ShoutAboutApp.app */ = {isa = PBXFileReference; explicitFileType = wrapper.application; includeInIndex = 0; path = ShoutAboutApp.app; sourceTree = BUILT_PRODUCTS_DIR; };
		F12C27501DCE45A800AEE0A3 /* AppDelegate.swift */ = {isa = PBXFileReference; lastKnownFileType = sourcecode.swift; path = AppDelegate.swift; sourceTree = "<group>"; };
		F12C27521DCE45A800AEE0A3 /* ViewController.swift */ = {isa = PBXFileReference; lastKnownFileType = sourcecode.swift; path = ViewController.swift; sourceTree = "<group>"; };
		F12C27551DCE45A800AEE0A3 /* Base */ = {isa = PBXFileReference; lastKnownFileType = file.storyboard; name = Base; path = Base.lproj/Main.storyboard; sourceTree = "<group>"; };
		F12C27571DCE45A800AEE0A3 /* Assets.xcassets */ = {isa = PBXFileReference; lastKnownFileType = folder.assetcatalog; path = Assets.xcassets; sourceTree = "<group>"; };
		F12C275A1DCE45A800AEE0A3 /* Base */ = {isa = PBXFileReference; lastKnownFileType = file.storyboard; name = Base; path = Base.lproj/LaunchScreen.storyboard; sourceTree = "<group>"; };
		F12C275C1DCE45A800AEE0A3 /* Info.plist */ = {isa = PBXFileReference; lastKnownFileType = text.plist.xml; path = Info.plist; sourceTree = "<group>"; };
		F12C27641DCE643D00AEE0A3 /* NetworkConnectivity.swift */ = {isa = PBXFileReference; fileEncoding = 4; lastKnownFileType = sourcecode.swift; path = NetworkConnectivity.swift; sourceTree = "<group>"; };
		F12C27661DCE662800AEE0A3 /* BaseNSURLSession.swift */ = {isa = PBXFileReference; fileEncoding = 4; lastKnownFileType = sourcecode.swift; path = BaseNSURLSession.swift; sourceTree = "<group>"; };
		F12C27681DCE66D900AEE0A3 /* URLPath.swift */ = {isa = PBXFileReference; fileEncoding = 4; lastKnownFileType = sourcecode.swift; path = URLPath.swift; sourceTree = "<group>"; };
		F12C276A1DCE6DDF00AEE0A3 /* DataSession.swift */ = {isa = PBXFileReference; fileEncoding = 4; lastKnownFileType = sourcecode.swift; path = DataSession.swift; sourceTree = "<group>"; };
		F12C276E1DCE77A900AEE0A3 /* OTPViewController.swift */ = {isa = PBXFileReference; fileEncoding = 4; lastKnownFileType = sourcecode.swift; path = OTPViewController.swift; sourceTree = "<group>"; };
		F12C27701DCEFDE100AEE0A3 /* JoinViewController.swift */ = {isa = PBXFileReference; fileEncoding = 4; lastKnownFileType = sourcecode.swift; path = JoinViewController.swift; sourceTree = "<group>"; };
		F12C27721DCF079E00AEE0A3 /* InputTableViewCell.swift */ = {isa = PBXFileReference; fileEncoding = 4; lastKnownFileType = sourcecode.swift; path = InputTableViewCell.swift; sourceTree = "<group>"; };
		F12C27741DCF07BB00AEE0A3 /* ClickTableViewCell.swift */ = {isa = PBXFileReference; fileEncoding = 4; lastKnownFileType = sourcecode.swift; path = ClickTableViewCell.swift; sourceTree = "<group>"; };
		F12C27761DCF3DFA00AEE0A3 /* ContactViewController.swift */ = {isa = PBXFileReference; fileEncoding = 4; lastKnownFileType = sourcecode.swift; path = ContactViewController.swift; sourceTree = "<group>"; };
		F12C27781DCF497F00AEE0A3 /* ContactTableViewCell.swift */ = {isa = PBXFileReference; fileEncoding = 4; lastKnownFileType = sourcecode.swift; path = ContactTableViewCell.swift; sourceTree = "<group>"; };
		F12C277A1DCF75F800AEE0A3 /* SearchViewController.swift */ = {isa = PBXFileReference; fileEncoding = 4; lastKnownFileType = sourcecode.swift; path = SearchViewController.swift; sourceTree = "<group>"; };
		F12C277C1DCF761D00AEE0A3 /* FeedsViewController.swift */ = {isa = PBXFileReference; fileEncoding = 4; lastKnownFileType = sourcecode.swift; path = FeedsViewController.swift; sourceTree = "<group>"; };
		F12C277E1DCF763F00AEE0A3 /* ProfileViewController.swift */ = {isa = PBXFileReference; fileEncoding = 4; lastKnownFileType = sourcecode.swift; path = ProfileViewController.swift; sourceTree = "<group>"; };
		F12C27801DCF765300AEE0A3 /* ChatViewController.swift */ = {isa = PBXFileReference; fileEncoding = 4; lastKnownFileType = sourcecode.swift; path = ChatViewController.swift; sourceTree = "<group>"; };
		F12C27821DCF85CB00AEE0A3 /* RateANdReviewViewController.swift */ = {isa = PBXFileReference; fileEncoding = 4; lastKnownFileType = sourcecode.swift; path = RateANdReviewViewController.swift; sourceTree = "<group>"; };
/* End PBXFileReference section */

/* Begin PBXFrameworksBuildPhase section */
		F12C274A1DCE45A800AEE0A3 /* Frameworks */ = {
			isa = PBXFrameworksBuildPhase;
			buildActionMask = 2147483647;
			files = (
			);
			runOnlyForDeploymentPostprocessing = 0;
		};
/* End PBXFrameworksBuildPhase section */

/* Begin PBXGroup section */
		F12C27441DCE45A800AEE0A3 = {
			isa = PBXGroup;
			children = (
				F12C274F1DCE45A800AEE0A3 /* ShoutAboutApp */,
				F12C274E1DCE45A800AEE0A3 /* Products */,
			);
			sourceTree = "<group>";
		};
		F12C274E1DCE45A800AEE0A3 /* Products */ = {
			isa = PBXGroup;
			children = (
				F12C274D1DCE45A800AEE0A3 /* ShoutAboutApp.app */,
			);
			name = Products;
			sourceTree = "<group>";
		};
		F12C274F1DCE45A800AEE0A3 /* ShoutAboutApp */ = {
			isa = PBXGroup;
			children = (
				F12C27681DCE66D900AEE0A3 /* URLPath.swift */,
				F12C27661DCE662800AEE0A3 /* BaseNSURLSession.swift */,
				F12C276A1DCE6DDF00AEE0A3 /* DataSession.swift */,
				F12C27641DCE643D00AEE0A3 /* NetworkConnectivity.swift */,
				F12C27501DCE45A800AEE0A3 /* AppDelegate.swift */,
				F12C27521DCE45A800AEE0A3 /* ViewController.swift */,
				F12C276E1DCE77A900AEE0A3 /* OTPViewController.swift */,
				F12C27701DCEFDE100AEE0A3 /* JoinViewController.swift */,
				F12C27721DCF079E00AEE0A3 /* InputTableViewCell.swift */,
				F12C27741DCF07BB00AEE0A3 /* ClickTableViewCell.swift */,
				F12C27781DCF497F00AEE0A3 /* ContactTableViewCell.swift */,
				F12C27541DCE45A800AEE0A3 /* Main.storyboard */,
				F12713B11DCFC105005928AD /* WriteReviewTableViewCell.swift */,
				F12C277A1DCF75F800AEE0A3 /* SearchViewController.swift */,
				F12C277C1DCF761D00AEE0A3 /* FeedsViewController.swift */,
				F12C277E1DCF763F00AEE0A3 /* ProfileViewController.swift */,
				F12C27801DCF765300AEE0A3 /* ChatViewController.swift */,
				F12C27761DCF3DFA00AEE0A3 /* ContactViewController.swift */,
				F12C27821DCF85CB00AEE0A3 /* RateANdReviewViewController.swift */,
				F12713AF1DCF9E9F005928AD /* RatingTableViewCell.swift */,
				F12C27571DCE45A800AEE0A3 /* Assets.xcassets */,
				F12C27591DCE45A800AEE0A3 /* LaunchScreen.storyboard */,
				F12C275C1DCE45A800AEE0A3 /* Info.plist */,
			);
			path = ShoutAboutApp;
			sourceTree = "<group>";
		};
/* End PBXGroup section */

/* Begin PBXNativeTarget section */
		F12C274C1DCE45A800AEE0A3 /* ShoutAboutApp */ = {
			isa = PBXNativeTarget;
			buildConfigurationList = F12C275F1DCE45A800AEE0A3 /* Build configuration list for PBXNativeTarget "ShoutAboutApp" */;
			buildPhases = (
				F12C27491DCE45A800AEE0A3 /* Sources */,
				F12C274A1DCE45A800AEE0A3 /* Frameworks */,
				F12C274B1DCE45A800AEE0A3 /* Resources */,
			);
			buildRules = (
			);
			dependencies = (
			);
			name = ShoutAboutApp;
			productName = ShoutAboutApp;
			productReference = F12C274D1DCE45A800AEE0A3 /* ShoutAboutApp.app */;
			productType = "com.apple.product-type.application";
		};
/* End PBXNativeTarget section */

/* Begin PBXProject section */
		F12C27451DCE45A800AEE0A3 /* Project object */ = {
			isa = PBXProject;
			attributes = {
				LastSwiftUpdateCheck = 0730;
				LastUpgradeCheck = 0730;
				ORGANIZATIONNAME = "VIRENDRA GUPTA";
				TargetAttributes = {
					F12C274C1DCE45A800AEE0A3 = {
						CreatedOnToolsVersion = 7.3.1;
					};
				};
			};
			buildConfigurationList = F12C27481DCE45A800AEE0A3 /* Build configuration list for PBXProject "ShoutAboutApp" */;
			compatibilityVersion = "Xcode 3.2";
			developmentRegion = English;
			hasScannedForEncodings = 0;
			knownRegions = (
				en,
				Base,
			);
			mainGroup = F12C27441DCE45A800AEE0A3;
			productRefGroup = F12C274E1DCE45A800AEE0A3 /* Products */;
			projectDirPath = "";
			projectRoot = "";
			targets = (
				F12C274C1DCE45A800AEE0A3 /* ShoutAboutApp */,
			);
		};
/* End PBXProject section */

/* Begin PBXResourcesBuildPhase section */
		F12C274B1DCE45A800AEE0A3 /* Resources */ = {
			isa = PBXResourcesBuildPhase;
			buildActionMask = 2147483647;
			files = (
				F12C275B1DCE45A800AEE0A3 /* LaunchScreen.storyboard in Resources */,
				F12C27581DCE45A800AEE0A3 /* Assets.xcassets in Resources */,
				F12C27561DCE45A800AEE0A3 /* Main.storyboard in Resources */,
			);
			runOnlyForDeploymentPostprocessing = 0;
		};
/* End PBXResourcesBuildPhase section */

/* Begin PBXSourcesBuildPhase section */
		F12C27491DCE45A800AEE0A3 /* Sources */ = {
			isa = PBXSourcesBuildPhase;
			buildActionMask = 2147483647;
			files = (
				F12713B21DCFC105005928AD /* WriteReviewTableViewCell.swift in Sources */,
				F12C27791DCF497F00AEE0A3 /* ContactTableViewCell.swift in Sources */,
				F12C27831DCF85CB00AEE0A3 /* RateANdReviewViewController.swift in Sources */,
				F12713B01DCF9E9F005928AD /* RatingTableViewCell.swift in Sources */,
				F12C27751DCF07BB00AEE0A3 /* ClickTableViewCell.swift in Sources */,
				F12C27811DCF765300AEE0A3 /* ChatViewController.swift in Sources */,
				F12C277D1DCF761D00AEE0A3 /* FeedsViewController.swift in Sources */,
				F12C276B1DCE6DDF00AEE0A3 /* DataSession.swift in Sources */,
				F12C27671DCE662800AEE0A3 /* BaseNSURLSession.swift in Sources */,
				F12C27711DCEFDE100AEE0A3 /* JoinViewController.swift in Sources */,
				F12C27531DCE45A800AEE0A3 /* ViewController.swift in Sources */,
				F12C27651DCE643D00AEE0A3 /* NetworkConnectivity.swift in Sources */,
				F12C27771DCF3DFA00AEE0A3 /* ContactViewController.swift in Sources */,
				F12C277B1DCF75F800AEE0A3 /* SearchViewController.swift in Sources */,
				F12C27691DCE66D900AEE0A3 /* URLPath.swift in Sources */,
				F12C276F1DCE77A900AEE0A3 /* OTPViewController.swift in Sources */,
				F12C277F1DCF763F00AEE0A3 /* ProfileViewController.swift in Sources */,
				F12C27731DCF079E00AEE0A3 /* InputTableViewCell.swift in Sources */,
				F12C27511DCE45A800AEE0A3 /* AppDelegate.swift in Sources */,
			);
			runOnlyForDeploymentPostprocessing = 0;
		};
/* End PBXSourcesBuildPhase section */

/* Begin PBXVariantGroup section */
		F12C27541DCE45A800AEE0A3 /* Main.storyboard */ = {
			isa = PBXVariantGroup;
			children = (
				F12C27551DCE45A800AEE0A3 /* Base */,
			);
			name = Main.storyboard;
			sourceTree = "<group>";
		};
		F12C27591DCE45A800AEE0A3 /* LaunchScreen.storyboard */ = {
			isa = PBXVariantGroup;
			children = (
				F12C275A1DCE45A800AEE0A3 /* Base */,
			);
			name = LaunchScreen.storyboard;
			sourceTree = "<group>";
		};
/* End PBXVariantGroup section */

/* Begin XCBuildConfiguration section */
		F12C275D1DCE45A800AEE0A3 /* Debug */ = {
			isa = XCBuildConfiguration;
			buildSettings = {
				ALWAYS_SEARCH_USER_PATHS = NO;
				CLANG_ANALYZER_NONNULL = YES;
				CLANG_CXX_LANGUAGE_STANDARD = "gnu++0x";
				CLANG_CXX_LIBRARY = "libc++";
				CLANG_ENABLE_MODULES = YES;
				CLANG_ENABLE_OBJC_ARC = YES;
				CLANG_WARN_BOOL_CONVERSION = YES;
				CLANG_WARN_CONSTANT_CONVERSION = YES;
				CLANG_WARN_DIRECT_OBJC_ISA_USAGE = YES_ERROR;
				CLANG_WARN_EMPTY_BODY = YES;
				CLANG_WARN_ENUM_CONVERSION = YES;
				CLANG_WARN_INT_CONVERSION = YES;
				CLANG_WARN_OBJC_ROOT_CLASS = YES_ERROR;
				CLANG_WARN_UNREACHABLE_CODE = YES;
				CLANG_WARN__DUPLICATE_METHOD_MATCH = YES;
				"CODE_SIGN_IDENTITY[sdk=iphoneos*]" = "iPhone Developer";
				COPY_PHASE_STRIP = NO;
				DEBUG_INFORMATION_FORMAT = dwarf;
				ENABLE_STRICT_OBJC_MSGSEND = YES;
				ENABLE_TESTABILITY = YES;
				GCC_C_LANGUAGE_STANDARD = gnu99;
				GCC_DYNAMIC_NO_PIC = NO;
				GCC_NO_COMMON_BLOCKS = YES;
				GCC_OPTIMIZATION_LEVEL = 0;
				GCC_PREPROCESSOR_DEFINITIONS = (
					"DEBUG=1",
					"$(inherited)",
				);
				GCC_WARN_64_TO_32_BIT_CONVERSION = YES;
				GCC_WARN_ABOUT_RETURN_TYPE = YES_ERROR;
				GCC_WARN_UNDECLARED_SELECTOR = YES;
				GCC_WARN_UNINITIALIZED_AUTOS = YES_AGGRESSIVE;
				GCC_WARN_UNUSED_FUNCTION = YES;
				GCC_WARN_UNUSED_VARIABLE = YES;
				IPHONEOS_DEPLOYMENT_TARGET = 9.3;
				MTL_ENABLE_DEBUG_INFO = YES;
				ONLY_ACTIVE_ARCH = YES;
				SDKROOT = iphoneos;
				SWIFT_OPTIMIZATION_LEVEL = "-Onone";
			};
			name = Debug;
		};
		F12C275E1DCE45A800AEE0A3 /* Release */ = {
			isa = XCBuildConfiguration;
			buildSettings = {
				ALWAYS_SEARCH_USER_PATHS = NO;
				CLANG_ANALYZER_NONNULL = YES;
				CLANG_CXX_LANGUAGE_STANDARD = "gnu++0x";
				CLANG_CXX_LIBRARY = "libc++";
				CLANG_ENABLE_MODULES = YES;
				CLANG_ENABLE_OBJC_ARC = YES;
				CLANG_WARN_BOOL_CONVERSION = YES;
				CLANG_WARN_CONSTANT_CONVERSION = YES;
				CLANG_WARN_DIRECT_OBJC_ISA_USAGE = YES_ERROR;
				CLANG_WARN_EMPTY_BODY = YES;
				CLANG_WARN_ENUM_CONVERSION = YES;
				CLANG_WARN_INT_CONVERSION = YES;
				CLANG_WARN_OBJC_ROOT_CLASS = YES_ERROR;
				CLANG_WARN_UNREACHABLE_CODE = YES;
				CLANG_WARN__DUPLICATE_METHOD_MATCH = YES;
				"CODE_SIGN_IDENTITY[sdk=iphoneos*]" = "iPhone Developer";
				COPY_PHASE_STRIP = NO;
				DEBUG_INFORMATION_FORMAT = "dwarf-with-dsym";
				ENABLE_NS_ASSERTIONS = NO;
				ENABLE_STRICT_OBJC_MSGSEND = YES;
				GCC_C_LANGUAGE_STANDARD = gnu99;
				GCC_NO_COMMON_BLOCKS = YES;
				GCC_WARN_64_TO_32_BIT_CONVERSION = YES;
				GCC_WARN_ABOUT_RETURN_TYPE = YES_ERROR;
				GCC_WARN_UNDECLARED_SELECTOR = YES;
				GCC_WARN_UNINITIALIZED_AUTOS = YES_AGGRESSIVE;
				GCC_WARN_UNUSED_FUNCTION = YES;
				GCC_WARN_UNUSED_VARIABLE = YES;
				IPHONEOS_DEPLOYMENT_TARGET = 9.3;
				MTL_ENABLE_DEBUG_INFO = NO;
				SDKROOT = iphoneos;
				VALIDATE_PRODUCT = YES;
			};
			name = Release;
		};
		F12C27601DCE45A800AEE0A3 /* Debug */ = {
			isa = XCBuildConfiguration;
			buildSettings = {
				ASSETCATALOG_COMPILER_APPICON_NAME = AppIcon;
				INFOPLIST_FILE = ShoutAboutApp/Info.plist;
				LD_RUNPATH_SEARCH_PATHS = "$(inherited) @executable_path/Frameworks";
				PRODUCT_BUNDLE_IDENTIFIER = com.lalitdev.ShoutAboutApp;
				PRODUCT_NAME = "$(TARGET_NAME)";
			};
			name = Debug;
		};
		F12C27611DCE45A800AEE0A3 /* Release */ = {
			isa = XCBuildConfiguration;
			buildSettings = {
				ASSETCATALOG_COMPILER_APPICON_NAME = AppIcon;
				INFOPLIST_FILE = ShoutAboutApp/Info.plist;
				LD_RUNPATH_SEARCH_PATHS = "$(inherited) @executable_path/Frameworks";
				PRODUCT_BUNDLE_IDENTIFIER = com.lalitdev.ShoutAboutApp;
				PRODUCT_NAME = "$(TARGET_NAME)";
			};
			name = Release;
		};
/* End XCBuildConfiguration section */

/* Begin XCConfigurationList section */
		F12C27481DCE45A800AEE0A3 /* Build configuration list for PBXProject "ShoutAboutApp" */ = {
			isa = XCConfigurationList;
			buildConfigurations = (
				F12C275D1DCE45A800AEE0A3 /* Debug */,
				F12C275E1DCE45A800AEE0A3 /* Release */,
			);
			defaultConfigurationIsVisible = 0;
			defaultConfigurationName = Release;
		};
		F12C275F1DCE45A800AEE0A3 /* Build configuration list for PBXNativeTarget "ShoutAboutApp" */ = {
			isa = XCConfigurationList;
			buildConfigurations = (
				F12C27601DCE45A800AEE0A3 /* Debug */,
				F12C27611DCE45A800AEE0A3 /* Release */,
			);
			defaultConfigurationIsVisible = 0;
			defaultConfigurationName = Release;
		};
/* End XCConfigurationList section */
	};
	rootObject = F12C27451DCE45A800AEE0A3 /* Project object */;
}
