// !$*UTF8*$!
{
	archiveVersion = 1;
	classes = {
	};
	objectVersion = 46;
	objects = {

/* Begin PBXBuildFile section */
		F11B75F01DDF844B0075DDCB /* MainSearchViewController.swift in Sources */ = {isa = PBXBuildFile; fileRef = F11B75EF1DDF844B0075DDCB /* MainSearchViewController.swift */; };
		F11B75F61DE071FB0075DDCB /* ChatPersionTableViewCell.swift in Sources */ = {isa = PBXBuildFile; fileRef = F11B75F51DE071FB0075DDCB /* ChatPersionTableViewCell.swift */; };
		F11B75FA1DE0C70C0075DDCB /* MyTabViewController.swift in Sources */ = {isa = PBXBuildFile; fileRef = F11B75F91DE0C70C0075DDCB /* MyTabViewController.swift */; };
		F11DB4F81DD9AB170084F9F4 /* SDWebImage in Resources */ = {isa = PBXBuildFile; fileRef = F11DB4F61DD9AB170084F9F4 /* SDWebImage */; };
		F11DB4F91DD9AB170084F9F4 /* SWReveal in Resources */ = {isa = PBXBuildFile; fileRef = F11DB4F71DD9AB170084F9F4 /* SWReveal */; };
		F11DB4FE1DD9ACF10084F9F4 /* SWRevealViewController.h in Sources */ = {isa = PBXBuildFile; fileRef = F11DB4FC1DD9ACF10084F9F4 /* SWRevealViewController.h */; };
		F11DB4FF1DD9ACF10084F9F4 /* SWRevealViewController.m in Sources */ = {isa = PBXBuildFile; fileRef = F11DB4FD1DD9ACF10084F9F4 /* SWRevealViewController.m */; };
		F11DB51F1DD9AD060084F9F4 /* MKAnnotationView+WebCache.h in Sources */ = {isa = PBXBuildFile; fileRef = F11DB5001DD9AD060084F9F4 /* MKAnnotationView+WebCache.h */; };
		F11DB5201DD9AD060084F9F4 /* MKAnnotationView+WebCache.m in Sources */ = {isa = PBXBuildFile; fileRef = F11DB5011DD9AD060084F9F4 /* MKAnnotationView+WebCache.m */; };
		F11DB5211DD9AD060084F9F4 /* NSData+ImageContentType.h in Sources */ = {isa = PBXBuildFile; fileRef = F11DB5021DD9AD060084F9F4 /* NSData+ImageContentType.h */; };
		F11DB5221DD9AD060084F9F4 /* NSData+ImageContentType.m in Sources */ = {isa = PBXBuildFile; fileRef = F11DB5031DD9AD060084F9F4 /* NSData+ImageContentType.m */; };
		F11DB5231DD9AD060084F9F4 /* SDImageCache.h in Sources */ = {isa = PBXBuildFile; fileRef = F11DB5041DD9AD060084F9F4 /* SDImageCache.h */; };
		F11DB5241DD9AD060084F9F4 /* SDImageCache.m in Sources */ = {isa = PBXBuildFile; fileRef = F11DB5051DD9AD060084F9F4 /* SDImageCache.m */; };
		F11DB5251DD9AD060084F9F4 /* SDWebImageCompat.h in Sources */ = {isa = PBXBuildFile; fileRef = F11DB5061DD9AD060084F9F4 /* SDWebImageCompat.h */; };
		F11DB5261DD9AD060084F9F4 /* SDWebImageCompat.m in Sources */ = {isa = PBXBuildFile; fileRef = F11DB5071DD9AD060084F9F4 /* SDWebImageCompat.m */; };
		F11DB5271DD9AD060084F9F4 /* SDWebImageDecoder.h in Sources */ = {isa = PBXBuildFile; fileRef = F11DB5081DD9AD060084F9F4 /* SDWebImageDecoder.h */; };
		F11DB5281DD9AD060084F9F4 /* SDWebImageDecoder.m in Sources */ = {isa = PBXBuildFile; fileRef = F11DB5091DD9AD060084F9F4 /* SDWebImageDecoder.m */; };
		F11DB5291DD9AD060084F9F4 /* SDWebImageDownloader.h in Sources */ = {isa = PBXBuildFile; fileRef = F11DB50A1DD9AD060084F9F4 /* SDWebImageDownloader.h */; };
		F11DB52A1DD9AD060084F9F4 /* SDWebImageDownloader.m in Sources */ = {isa = PBXBuildFile; fileRef = F11DB50B1DD9AD060084F9F4 /* SDWebImageDownloader.m */; };
		F11DB52B1DD9AD060084F9F4 /* SDWebImageDownloaderOperation.h in Sources */ = {isa = PBXBuildFile; fileRef = F11DB50C1DD9AD060084F9F4 /* SDWebImageDownloaderOperation.h */; };
		F11DB52C1DD9AD060084F9F4 /* SDWebImageDownloaderOperation.m in Sources */ = {isa = PBXBuildFile; fileRef = F11DB50D1DD9AD060084F9F4 /* SDWebImageDownloaderOperation.m */; };
		F11DB52D1DD9AD060084F9F4 /* SDWebImageManager.h in Sources */ = {isa = PBXBuildFile; fileRef = F11DB50E1DD9AD060084F9F4 /* SDWebImageManager.h */; };
		F11DB52E1DD9AD060084F9F4 /* SDWebImageManager.m in Sources */ = {isa = PBXBuildFile; fileRef = F11DB50F1DD9AD060084F9F4 /* SDWebImageManager.m */; };
		F11DB52F1DD9AD060084F9F4 /* SDWebImageOperation.h in Sources */ = {isa = PBXBuildFile; fileRef = F11DB5101DD9AD060084F9F4 /* SDWebImageOperation.h */; };
		F11DB5301DD9AD060084F9F4 /* SDWebImagePrefetcher.h in Sources */ = {isa = PBXBuildFile; fileRef = F11DB5111DD9AD060084F9F4 /* SDWebImagePrefetcher.h */; };
		F11DB5311DD9AD060084F9F4 /* SDWebImagePrefetcher.m in Sources */ = {isa = PBXBuildFile; fileRef = F11DB5121DD9AD060084F9F4 /* SDWebImagePrefetcher.m */; };
		F11DB5321DD9AD060084F9F4 /* UIButton+WebCache.h in Sources */ = {isa = PBXBuildFile; fileRef = F11DB5131DD9AD060084F9F4 /* UIButton+WebCache.h */; };
		F11DB5331DD9AD060084F9F4 /* UIButton+WebCache.m in Sources */ = {isa = PBXBuildFile; fileRef = F11DB5141DD9AD060084F9F4 /* UIButton+WebCache.m */; };
		F11DB5341DD9AD060084F9F4 /* UIImage+GIF.h in Sources */ = {isa = PBXBuildFile; fileRef = F11DB5151DD9AD060084F9F4 /* UIImage+GIF.h */; };
		F11DB5351DD9AD060084F9F4 /* UIImage+GIF.m in Sources */ = {isa = PBXBuildFile; fileRef = F11DB5161DD9AD060084F9F4 /* UIImage+GIF.m */; };
		F11DB5361DD9AD060084F9F4 /* UIImage+MultiFormat.h in Sources */ = {isa = PBXBuildFile; fileRef = F11DB5171DD9AD060084F9F4 /* UIImage+MultiFormat.h */; };
		F11DB5371DD9AD060084F9F4 /* UIImage+MultiFormat.m in Sources */ = {isa = PBXBuildFile; fileRef = F11DB5181DD9AD060084F9F4 /* UIImage+MultiFormat.m */; };
		F11DB5381DD9AD060084F9F4 /* UIImage+WebP.h in Sources */ = {isa = PBXBuildFile; fileRef = F11DB5191DD9AD060084F9F4 /* UIImage+WebP.h */; };
		F11DB5391DD9AD060084F9F4 /* UIImage+WebP.m in Sources */ = {isa = PBXBuildFile; fileRef = F11DB51A1DD9AD060084F9F4 /* UIImage+WebP.m */; };
		F11DB53A1DD9AD060084F9F4 /* UIImageView+HighlightedWebCache.h in Sources */ = {isa = PBXBuildFile; fileRef = F11DB51B1DD9AD060084F9F4 /* UIImageView+HighlightedWebCache.h */; };
		F11DB53B1DD9AD060084F9F4 /* UIImageView+HighlightedWebCache.m in Sources */ = {isa = PBXBuildFile; fileRef = F11DB51C1DD9AD060084F9F4 /* UIImageView+HighlightedWebCache.m */; };
		F11DB53C1DD9AD060084F9F4 /* UIImageView+WebCache.h in Sources */ = {isa = PBXBuildFile; fileRef = F11DB51D1DD9AD060084F9F4 /* UIImageView+WebCache.h */; };
		F11DB53D1DD9AD060084F9F4 /* UIImageView+WebCache.m in Sources */ = {isa = PBXBuildFile; fileRef = F11DB51E1DD9AD060084F9F4 /* UIImageView+WebCache.m */; };
		F12713B01DCF9E9F005928AD /* RatingTableViewCell.swift in Sources */ = {isa = PBXBuildFile; fileRef = F12713AF1DCF9E9F005928AD /* RatingTableViewCell.swift */; };
		F12713B21DCFC105005928AD /* WriteReviewTableViewCell.swift in Sources */ = {isa = PBXBuildFile; fileRef = F12713B11DCFC105005928AD /* WriteReviewTableViewCell.swift */; };
		F12C27511DCE45A800AEE0A3 /* AppDelegate.swift in Sources */ = {isa = PBXBuildFile; fileRef = F12C27501DCE45A800AEE0A3 /* AppDelegate.swift */; };
		F12C27531DCE45A800AEE0A3 /* ViewController.swift in Sources */ = {isa = PBXBuildFile; fileRef = F12C27521DCE45A800AEE0A3 /* ViewController.swift */; };
		F12C27561DCE45A800AEE0A3 /* Main.storyboard in Resources */ = {isa = PBXBuildFile; fileRef = F12C27541DCE45A800AEE0A3 /* Main.storyboard */; };
		F12C27581DCE45A800AEE0A3 /* Assets.xcassets in Resources */ = {isa = PBXBuildFile; fileRef = F12C27571DCE45A800AEE0A3 /* Assets.xcassets */; };
		F12C275B1DCE45A800AEE0A3 /* LaunchScreen.storyboard in Resources */ = {isa = PBXBuildFile; fileRef = F12C27591DCE45A800AEE0A3 /* LaunchScreen.storyboard */; };
		F12C27651DCE643D00AEE0A3 /* NetworkConnectivity.swift in Sources */ = {isa = PBXBuildFile; fileRef = F12C27641DCE643D00AEE0A3 /* NetworkConnectivity.swift */; };
		F12C27671DCE662800AEE0A3 /* BaseNSURLSession.swift in Sources */ = {isa = PBXBuildFile; fileRef = F12C27661DCE662800AEE0A3 /* BaseNSURLSession.swift */; };
		F12C27691DCE66D900AEE0A3 /* URLPath.swift in Sources */ = {isa = PBXBuildFile; fileRef = F12C27681DCE66D900AEE0A3 /* URLPath.swift */; };
		F12C276B1DCE6DDF00AEE0A3 /* DataSession.swift in Sources */ = {isa = PBXBuildFile; fileRef = F12C276A1DCE6DDF00AEE0A3 /* DataSession.swift */; };
		F12C276F1DCE77A900AEE0A3 /* OTPViewController.swift in Sources */ = {isa = PBXBuildFile; fileRef = F12C276E1DCE77A900AEE0A3 /* OTPViewController.swift */; };
		F12C27711DCEFDE100AEE0A3 /* JoinViewController.swift in Sources */ = {isa = PBXBuildFile; fileRef = F12C27701DCEFDE100AEE0A3 /* JoinViewController.swift */; };
		F12C27731DCF079E00AEE0A3 /* InputTableViewCell.swift in Sources */ = {isa = PBXBuildFile; fileRef = F12C27721DCF079E00AEE0A3 /* InputTableViewCell.swift */; };
		F12C27751DCF07BB00AEE0A3 /* ClickTableViewCell.swift in Sources */ = {isa = PBXBuildFile; fileRef = F12C27741DCF07BB00AEE0A3 /* ClickTableViewCell.swift */; };
		F12C27771DCF3DFA00AEE0A3 /* ContactViewController.swift in Sources */ = {isa = PBXBuildFile; fileRef = F12C27761DCF3DFA00AEE0A3 /* ContactViewController.swift */; };
		F12C27791DCF497F00AEE0A3 /* ContactTableViewCell.swift in Sources */ = {isa = PBXBuildFile; fileRef = F12C27781DCF497F00AEE0A3 /* ContactTableViewCell.swift */; };
		F12C277B1DCF75F800AEE0A3 /* SearchViewController.swift in Sources */ = {isa = PBXBuildFile; fileRef = F12C277A1DCF75F800AEE0A3 /* SearchViewController.swift */; };
		F12C277D1DCF761D00AEE0A3 /* FeedsViewController.swift in Sources */ = {isa = PBXBuildFile; fileRef = F12C277C1DCF761D00AEE0A3 /* FeedsViewController.swift */; };
		F12C277F1DCF763F00AEE0A3 /* ProfileViewController.swift in Sources */ = {isa = PBXBuildFile; fileRef = F12C277E1DCF763F00AEE0A3 /* ProfileViewController.swift */; };
		F12C27811DCF765300AEE0A3 /* ChatViewController.swift in Sources */ = {isa = PBXBuildFile; fileRef = F12C27801DCF765300AEE0A3 /* ChatViewController.swift */; };
		F12C27831DCF85CB00AEE0A3 /* RateANdReviewViewController.swift in Sources */ = {isa = PBXBuildFile; fileRef = F12C27821DCF85CB00AEE0A3 /* RateANdReviewViewController.swift */; };
		F18839231DD83BE400362B1B /* ReviewTableViewCell.swift in Sources */ = {isa = PBXBuildFile; fileRef = F18839221DD83BE400362B1B /* ReviewTableViewCell.swift */; };
		F18839251DD8573B00362B1B /* UesrReviewTableViewCell.swift in Sources */ = {isa = PBXBuildFile; fileRef = F18839241DD8573B00362B1B /* UesrReviewTableViewCell.swift */; };
		F18839271DD86A6F00362B1B /* EditProfileTableViewCell.swift in Sources */ = {isa = PBXBuildFile; fileRef = F18839261DD86A6F00362B1B /* EditProfileTableViewCell.swift */; };
		F18839291DD877C000362B1B /* ChattingViewController.swift in Sources */ = {isa = PBXBuildFile; fileRef = F18839281DD877C000362B1B /* ChattingViewController.swift */; };
		F188392B1DD8A76B00362B1B /* ChattingTableViewCell.swift in Sources */ = {isa = PBXBuildFile; fileRef = F188392A1DD8A76B00362B1B /* ChattingTableViewCell.swift */; };
		F18839331DD8D26400362B1B /* LeftViewController.swift in Sources */ = {isa = PBXBuildFile; fileRef = F18839321DD8D26400362B1B /* LeftViewController.swift */; };
/* End PBXBuildFile section */

/* Begin PBXFileReference section */
		F11B75EF1DDF844B0075DDCB /* MainSearchViewController.swift */ = {isa = PBXFileReference; fileEncoding = 4; lastKnownFileType = sourcecode.swift; path = MainSearchViewController.swift; sourceTree = "<group>"; };
		F11B75F51DE071FB0075DDCB /* ChatPersionTableViewCell.swift */ = {isa = PBXFileReference; fileEncoding = 4; lastKnownFileType = sourcecode.swift; path = ChatPersionTableViewCell.swift; sourceTree = "<group>"; };
		F11B75F91DE0C70C0075DDCB /* MyTabViewController.swift */ = {isa = PBXFileReference; fileEncoding = 4; lastKnownFileType = sourcecode.swift; path = MyTabViewController.swift; sourceTree = "<group>"; };
		F11DB4F61DD9AB170084F9F4 /* SDWebImage */ = {isa = PBXFileReference; lastKnownFileType = folder; name = SDWebImage; path = /Users/virendragupta/ShoutAboutApp/ShoutAboutApp/ShoutAboutApp/SDWebImage; sourceTree = "<absolute>"; };
		F11DB4F71DD9AB170084F9F4 /* SWReveal */ = {isa = PBXFileReference; lastKnownFileType = folder; name = SWReveal; path = /Users/virendragupta/ShoutAboutApp/ShoutAboutApp/ShoutAboutApp/SWReveal; sourceTree = "<absolute>"; };
		F11DB4FC1DD9ACF10084F9F4 /* SWRevealViewController.h */ = {isa = PBXFileReference; lastKnownFileType = sourcecode.c.h; name = SWRevealViewController.h; path = ShoutAboutApp/SWReveal/SWRevealViewController.h; sourceTree = "<group>"; };
		F11DB4FD1DD9ACF10084F9F4 /* SWRevealViewController.m */ = {isa = PBXFileReference; lastKnownFileType = sourcecode.c.objc; name = SWRevealViewController.m; path = ShoutAboutApp/SWReveal/SWRevealViewController.m; sourceTree = "<group>"; };
		F11DB5001DD9AD060084F9F4 /* MKAnnotationView+WebCache.h */ = {isa = PBXFileReference; lastKnownFileType = sourcecode.c.h; name = "MKAnnotationView+WebCache.h"; path = "ShoutAboutApp/SDWebImage/MKAnnotationView+WebCache.h"; sourceTree = "<group>"; };
		F11DB5011DD9AD060084F9F4 /* MKAnnotationView+WebCache.m */ = {isa = PBXFileReference; lastKnownFileType = sourcecode.c.objc; name = "MKAnnotationView+WebCache.m"; path = "ShoutAboutApp/SDWebImage/MKAnnotationView+WebCache.m"; sourceTree = "<group>"; };
		F11DB5021DD9AD060084F9F4 /* NSData+ImageContentType.h */ = {isa = PBXFileReference; lastKnownFileType = sourcecode.c.h; name = "NSData+ImageContentType.h"; path = "ShoutAboutApp/SDWebImage/NSData+ImageContentType.h"; sourceTree = "<group>"; };
		F11DB5031DD9AD060084F9F4 /* NSData+ImageContentType.m */ = {isa = PBXFileReference; lastKnownFileType = sourcecode.c.objc; name = "NSData+ImageContentType.m"; path = "ShoutAboutApp/SDWebImage/NSData+ImageContentType.m"; sourceTree = "<group>"; };
		F11DB5041DD9AD060084F9F4 /* SDImageCache.h */ = {isa = PBXFileReference; lastKnownFileType = sourcecode.c.h; name = SDImageCache.h; path = ShoutAboutApp/SDWebImage/SDImageCache.h; sourceTree = "<group>"; };
		F11DB5051DD9AD060084F9F4 /* SDImageCache.m */ = {isa = PBXFileReference; lastKnownFileType = sourcecode.c.objc; name = SDImageCache.m; path = ShoutAboutApp/SDWebImage/SDImageCache.m; sourceTree = "<group>"; };
		F11DB5061DD9AD060084F9F4 /* SDWebImageCompat.h */ = {isa = PBXFileReference; lastKnownFileType = sourcecode.c.h; name = SDWebImageCompat.h; path = ShoutAboutApp/SDWebImage/SDWebImageCompat.h; sourceTree = "<group>"; };
		F11DB5071DD9AD060084F9F4 /* SDWebImageCompat.m */ = {isa = PBXFileReference; lastKnownFileType = sourcecode.c.objc; name = SDWebImageCompat.m; path = ShoutAboutApp/SDWebImage/SDWebImageCompat.m; sourceTree = "<group>"; };
		F11DB5081DD9AD060084F9F4 /* SDWebImageDecoder.h */ = {isa = PBXFileReference; lastKnownFileType = sourcecode.c.h; name = SDWebImageDecoder.h; path = ShoutAboutApp/SDWebImage/SDWebImageDecoder.h; sourceTree = "<group>"; };
		F11DB5091DD9AD060084F9F4 /* SDWebImageDecoder.m */ = {isa = PBXFileReference; lastKnownFileType = sourcecode.c.objc; name = SDWebImageDecoder.m; path = ShoutAboutApp/SDWebImage/SDWebImageDecoder.m; sourceTree = "<group>"; };
		F11DB50A1DD9AD060084F9F4 /* SDWebImageDownloader.h */ = {isa = PBXFileReference; lastKnownFileType = sourcecode.c.h; name = SDWebImageDownloader.h; path = ShoutAboutApp/SDWebImage/SDWebImageDownloader.h; sourceTree = "<group>"; };
		F11DB50B1DD9AD060084F9F4 /* SDWebImageDownloader.m */ = {isa = PBXFileReference; lastKnownFileType = sourcecode.c.objc; name = SDWebImageDownloader.m; path = ShoutAboutApp/SDWebImage/SDWebImageDownloader.m; sourceTree = "<group>"; };
		F11DB50C1DD9AD060084F9F4 /* SDWebImageDownloaderOperation.h */ = {isa = PBXFileReference; lastKnownFileType = sourcecode.c.h; name = SDWebImageDownloaderOperation.h; path = ShoutAboutApp/SDWebImage/SDWebImageDownloaderOperation.h; sourceTree = "<group>"; };
		F11DB50D1DD9AD060084F9F4 /* SDWebImageDownloaderOperation.m */ = {isa = PBXFileReference; lastKnownFileType = sourcecode.c.objc; name = SDWebImageDownloaderOperation.m; path = ShoutAboutApp/SDWebImage/SDWebImageDownloaderOperation.m; sourceTree = "<group>"; };
		F11DB50E1DD9AD060084F9F4 /* SDWebImageManager.h */ = {isa = PBXFileReference; lastKnownFileType = sourcecode.c.h; name = SDWebImageManager.h; path = ShoutAboutApp/SDWebImage/SDWebImageManager.h; sourceTree = "<group>"; };
		F11DB50F1DD9AD060084F9F4 /* SDWebImageManager.m */ = {isa = PBXFileReference; lastKnownFileType = sourcecode.c.objc; name = SDWebImageManager.m; path = ShoutAboutApp/SDWebImage/SDWebImageManager.m; sourceTree = "<group>"; };
		F11DB5101DD9AD060084F9F4 /* SDWebImageOperation.h */ = {isa = PBXFileReference; lastKnownFileType = sourcecode.c.h; name = SDWebImageOperation.h; path = ShoutAboutApp/SDWebImage/SDWebImageOperation.h; sourceTree = "<group>"; };
		F11DB5111DD9AD060084F9F4 /* SDWebImagePrefetcher.h */ = {isa = PBXFileReference; lastKnownFileType = sourcecode.c.h; name = SDWebImagePrefetcher.h; path = ShoutAboutApp/SDWebImage/SDWebImagePrefetcher.h; sourceTree = "<group>"; };
		F11DB5121DD9AD060084F9F4 /* SDWebImagePrefetcher.m */ = {isa = PBXFileReference; lastKnownFileType = sourcecode.c.objc; name = SDWebImagePrefetcher.m; path = ShoutAboutApp/SDWebImage/SDWebImagePrefetcher.m; sourceTree = "<group>"; };
		F11DB5131DD9AD060084F9F4 /* UIButton+WebCache.h */ = {isa = PBXFileReference; lastKnownFileType = sourcecode.c.h; name = "UIButton+WebCache.h"; path = "ShoutAboutApp/SDWebImage/UIButton+WebCache.h"; sourceTree = "<group>"; };
		F11DB5141DD9AD060084F9F4 /* UIButton+WebCache.m */ = {isa = PBXFileReference; lastKnownFileType = sourcecode.c.objc; name = "UIButton+WebCache.m"; path = "ShoutAboutApp/SDWebImage/UIButton+WebCache.m"; sourceTree = "<group>"; };
		F11DB5151DD9AD060084F9F4 /* UIImage+GIF.h */ = {isa = PBXFileReference; lastKnownFileType = sourcecode.c.h; name = "UIImage+GIF.h"; path = "ShoutAboutApp/SDWebImage/UIImage+GIF.h"; sourceTree = "<group>"; };
		F11DB5161DD9AD060084F9F4 /* UIImage+GIF.m */ = {isa = PBXFileReference; lastKnownFileType = sourcecode.c.objc; name = "UIImage+GIF.m"; path = "ShoutAboutApp/SDWebImage/UIImage+GIF.m"; sourceTree = "<group>"; };
		F11DB5171DD9AD060084F9F4 /* UIImage+MultiFormat.h */ = {isa = PBXFileReference; lastKnownFileType = sourcecode.c.h; name = "UIImage+MultiFormat.h"; path = "ShoutAboutApp/SDWebImage/UIImage+MultiFormat.h"; sourceTree = "<group>"; };
		F11DB5181DD9AD060084F9F4 /* UIImage+MultiFormat.m */ = {isa = PBXFileReference; lastKnownFileType = sourcecode.c.objc; name = "UIImage+MultiFormat.m"; path = "ShoutAboutApp/SDWebImage/UIImage+MultiFormat.m"; sourceTree = "<group>"; };
		F11DB5191DD9AD060084F9F4 /* UIImage+WebP.h */ = {isa = PBXFileReference; lastKnownFileType = sourcecode.c.h; name = "UIImage+WebP.h"; path = "ShoutAboutApp/SDWebImage/UIImage+WebP.h"; sourceTree = "<group>"; };
		F11DB51A1DD9AD060084F9F4 /* UIImage+WebP.m */ = {isa = PBXFileReference; lastKnownFileType = sourcecode.c.objc; name = "UIImage+WebP.m"; path = "ShoutAboutApp/SDWebImage/UIImage+WebP.m"; sourceTree = "<group>"; };
		F11DB51B1DD9AD060084F9F4 /* UIImageView+HighlightedWebCache.h */ = {isa = PBXFileReference; lastKnownFileType = sourcecode.c.h; name = "UIImageView+HighlightedWebCache.h"; path = "ShoutAboutApp/SDWebImage/UIImageView+HighlightedWebCache.h"; sourceTree = "<group>"; };
		F11DB51C1DD9AD060084F9F4 /* UIImageView+HighlightedWebCache.m */ = {isa = PBXFileReference; lastKnownFileType = sourcecode.c.objc; name = "UIImageView+HighlightedWebCache.m"; path = "ShoutAboutApp/SDWebImage/UIImageView+HighlightedWebCache.m"; sourceTree = "<group>"; };
		F11DB51D1DD9AD060084F9F4 /* UIImageView+WebCache.h */ = {isa = PBXFileReference; lastKnownFileType = sourcecode.c.h; name = "UIImageView+WebCache.h"; path = "ShoutAboutApp/SDWebImage/UIImageView+WebCache.h"; sourceTree = "<group>"; };
		F11DB51E1DD9AD060084F9F4 /* UIImageView+WebCache.m */ = {isa = PBXFileReference; lastKnownFileType = sourcecode.c.objc; name = "UIImageView+WebCache.m"; path = "ShoutAboutApp/SDWebImage/UIImageView+WebCache.m"; sourceTree = "<group>"; };
		F12713AF1DCF9E9F005928AD /* RatingTableViewCell.swift */ = {isa = PBXFileReference; fileEncoding = 4; lastKnownFileType = sourcecode.swift; path = RatingTableViewCell.swift; sourceTree = "<group>"; };
		F12713B11DCFC105005928AD /* WriteReviewTableViewCell.swift */ = {isa = PBXFileReference; fileEncoding = 4; lastKnownFileType = sourcecode.swift; path = WriteReviewTableViewCell.swift; sourceTree = "<group>"; };
		F12C274D1DCE45A800AEE0A3 /* ShoutAboutApp.app */ = {isa = PBXFileReference; explicitFileType = wrapper.application; includeInIndex = 0; path = ShoutAboutApp.app; sourceTree = BUILT_PRODUCTS_DIR; };
		F12C27501DCE45A800AEE0A3 /* AppDelegate.swift */ = {isa = PBXFileReference; lastKnownFileType = sourcecode.swift; path = AppDelegate.swift; sourceTree = "<group>"; };
		F12C27521DCE45A800AEE0A3 /* ViewController.swift */ = {isa = PBXFileReference; lastKnownFileType = sourcecode.swift; path = ViewController.swift; sourceTree = "<group>"; };
		F12C27551DCE45A800AEE0A3 /* Base */ = {isa = PBXFileReference; lastKnownFileType = file.storyboard; name = Base; path = Base.lproj/Main.storyboard; sourceTree = "<group>"; };
		F12C27571DCE45A800AEE0A3 /* Assets.xcassets */ = {isa = PBXFileReference; lastKnownFileType = folder.assetcatalog; path = Assets.xcassets; sourceTree = "<group>"; };
		F12C275A1DCE45A800AEE0A3 /* Base */ = {isa = PBXFileReference; lastKnownFileType = file.storyboard; name = Base; path = Base.lproj/LaunchScreen.storyboard; sourceTree = "<group>"; };
		F12C275C1DCE45A800AEE0A3 /* Info.plist */ = {isa = PBXFileReference; lastKnownFileType = text.plist.xml; path = Info.plist; sourceTree = "<group>"; };
		F12C27641DCE643D00AEE0A3 /* NetworkConnectivity.swift */ = {isa = PBXFileReference; fileEncoding = 4; lastKnownFileType = sourcecode.swift; path = NetworkConnectivity.swift; sourceTree = "<group>"; };
		F12C27661DCE662800AEE0A3 /* BaseNSURLSession.swift */ = {isa = PBXFileReference; fileEncoding = 4; lastKnownFileType = sourcecode.swift; path = BaseNSURLSession.swift; sourceTree = "<group>"; };
		F12C27681DCE66D900AEE0A3 /* URLPath.swift */ = {isa = PBXFileReference; fileEncoding = 4; lastKnownFileType = sourcecode.swift; path = URLPath.swift; sourceTree = "<group>"; };
		F12C276A1DCE6DDF00AEE0A3 /* DataSession.swift */ = {isa = PBXFileReference; fileEncoding = 4; lastKnownFileType = sourcecode.swift; path = DataSession.swift; sourceTree = "<group>"; };
		F12C276E1DCE77A900AEE0A3 /* OTPViewController.swift */ = {isa = PBXFileReference; fileEncoding = 4; lastKnownFileType = sourcecode.swift; path = OTPViewController.swift; sourceTree = "<group>"; };
		F12C27701DCEFDE100AEE0A3 /* JoinViewController.swift */ = {isa = PBXFileReference; fileEncoding = 4; lastKnownFileType = sourcecode.swift; path = JoinViewController.swift; sourceTree = "<group>"; };
		F12C27721DCF079E00AEE0A3 /* InputTableViewCell.swift */ = {isa = PBXFileReference; fileEncoding = 4; lastKnownFileType = sourcecode.swift; path = InputTableViewCell.swift; sourceTree = "<group>"; };
		F12C27741DCF07BB00AEE0A3 /* ClickTableViewCell.swift */ = {isa = PBXFileReference; fileEncoding = 4; lastKnownFileType = sourcecode.swift; path = ClickTableViewCell.swift; sourceTree = "<group>"; };
		F12C27761DCF3DFA00AEE0A3 /* ContactViewController.swift */ = {isa = PBXFileReference; fileEncoding = 4; lastKnownFileType = sourcecode.swift; path = ContactViewController.swift; sourceTree = "<group>"; };
		F12C27781DCF497F00AEE0A3 /* ContactTableViewCell.swift */ = {isa = PBXFileReference; fileEncoding = 4; lastKnownFileType = sourcecode.swift; path = ContactTableViewCell.swift; sourceTree = "<group>"; };
		F12C277A1DCF75F800AEE0A3 /* SearchViewController.swift */ = {isa = PBXFileReference; fileEncoding = 4; lastKnownFileType = sourcecode.swift; path = SearchViewController.swift; sourceTree = "<group>"; };
		F12C277C1DCF761D00AEE0A3 /* FeedsViewController.swift */ = {isa = PBXFileReference; fileEncoding = 4; lastKnownFileType = sourcecode.swift; path = FeedsViewController.swift; sourceTree = "<group>"; };
		F12C277E1DCF763F00AEE0A3 /* ProfileViewController.swift */ = {isa = PBXFileReference; fileEncoding = 4; lastKnownFileType = sourcecode.swift; path = ProfileViewController.swift; sourceTree = "<group>"; };
		F12C27801DCF765300AEE0A3 /* ChatViewController.swift */ = {isa = PBXFileReference; fileEncoding = 4; lastKnownFileType = sourcecode.swift; path = ChatViewController.swift; sourceTree = "<group>"; };
		F12C27821DCF85CB00AEE0A3 /* RateANdReviewViewController.swift */ = {isa = PBXFileReference; fileEncoding = 4; lastKnownFileType = sourcecode.swift; path = RateANdReviewViewController.swift; sourceTree = "<group>"; };
		F18839221DD83BE400362B1B /* ReviewTableViewCell.swift */ = {isa = PBXFileReference; fileEncoding = 4; lastKnownFileType = sourcecode.swift; path = ReviewTableViewCell.swift; sourceTree = "<group>"; };
		F18839241DD8573B00362B1B /* UesrReviewTableViewCell.swift */ = {isa = PBXFileReference; fileEncoding = 4; lastKnownFileType = sourcecode.swift; path = UesrReviewTableViewCell.swift; sourceTree = "<group>"; };
		F18839261DD86A6F00362B1B /* EditProfileTableViewCell.swift */ = {isa = PBXFileReference; fileEncoding = 4; lastKnownFileType = sourcecode.swift; path = EditProfileTableViewCell.swift; sourceTree = "<group>"; };
		F18839281DD877C000362B1B /* ChattingViewController.swift */ = {isa = PBXFileReference; fileEncoding = 4; lastKnownFileType = sourcecode.swift; path = ChattingViewController.swift; sourceTree = "<group>"; };
		F188392A1DD8A76B00362B1B /* ChattingTableViewCell.swift */ = {isa = PBXFileReference; fileEncoding = 4; lastKnownFileType = sourcecode.swift; path = ChattingTableViewCell.swift; sourceTree = "<group>"; };
		F188392C1DD8CED200362B1B /* ShoutAboutApp-Bridging-Header.h */ = {isa = PBXFileReference; lastKnownFileType = sourcecode.c.h; path = "ShoutAboutApp-Bridging-Header.h"; sourceTree = "<group>"; };
		F18839321DD8D26400362B1B /* LeftViewController.swift */ = {isa = PBXFileReference; fileEncoding = 4; lastKnownFileType = sourcecode.swift; path = LeftViewController.swift; sourceTree = "<group>"; };
/* End PBXFileReference section */

/* Begin PBXFrameworksBuildPhase section */
		F12C274A1DCE45A800AEE0A3 /* Frameworks */ = {
			isa = PBXFrameworksBuildPhase;
			buildActionMask = 2147483647;
			files = (
			);
			runOnlyForDeploymentPostprocessing = 0;
		};
/* End PBXFrameworksBuildPhase section */

/* Begin PBXGroup section */
		F100A7CE1DDB9B5D00DD320C /* Profile */ = {
			isa = PBXGroup;
			children = (
				F12C277E1DCF763F00AEE0A3 /* ProfileViewController.swift */,
			);
			name = Profile;
			sourceTree = "<group>";
		};
		F100A7D11DDB9D9C00DD320C /* LeftView */ = {
			isa = PBXGroup;
			children = (
				F18839321DD8D26400362B1B /* LeftViewController.swift */,
			);
			name = LeftView;
			sourceTree = "<group>";
		};
		F11B75F11DDF90450075DDCB /* Search */ = {
			isa = PBXGroup;
			children = (
				F11B75EF1DDF844B0075DDCB /* MainSearchViewController.swift */,
				F12C277A1DCF75F800AEE0A3 /* SearchViewController.swift */,
			);
			name = Search;
			sourceTree = "<group>";
		};
		F11B75F41DE062460075DDCB /* Chat */ = {
			isa = PBXGroup;
			children = (
				F188392A1DD8A76B00362B1B /* ChattingTableViewCell.swift */,
				F12C27801DCF765300AEE0A3 /* ChatViewController.swift */,
				F11B75F51DE071FB0075DDCB /* ChatPersionTableViewCell.swift */,
				F18839281DD877C000362B1B /* ChattingViewController.swift */,
			);
			name = Chat;
			sourceTree = "<group>";
		};
		F11DB53E1DD9ADC70084F9F4 /* SDWebImage */ = {
			isa = PBXGroup;
			children = (
				F11DB5001DD9AD060084F9F4 /* MKAnnotationView+WebCache.h */,
				F11DB5011DD9AD060084F9F4 /* MKAnnotationView+WebCache.m */,
				F11DB5021DD9AD060084F9F4 /* NSData+ImageContentType.h */,
				F11DB5031DD9AD060084F9F4 /* NSData+ImageContentType.m */,
				F11DB5041DD9AD060084F9F4 /* SDImageCache.h */,
				F11DB5051DD9AD060084F9F4 /* SDImageCache.m */,
				F11DB5061DD9AD060084F9F4 /* SDWebImageCompat.h */,
				F11DB5071DD9AD060084F9F4 /* SDWebImageCompat.m */,
				F11DB5081DD9AD060084F9F4 /* SDWebImageDecoder.h */,
				F11DB5091DD9AD060084F9F4 /* SDWebImageDecoder.m */,
				F11DB50A1DD9AD060084F9F4 /* SDWebImageDownloader.h */,
				F11DB50B1DD9AD060084F9F4 /* SDWebImageDownloader.m */,
				F11DB50C1DD9AD060084F9F4 /* SDWebImageDownloaderOperation.h */,
				F11DB50D1DD9AD060084F9F4 /* SDWebImageDownloaderOperation.m */,
				F11DB50E1DD9AD060084F9F4 /* SDWebImageManager.h */,
				F11DB50F1DD9AD060084F9F4 /* SDWebImageManager.m */,
				F11DB5101DD9AD060084F9F4 /* SDWebImageOperation.h */,
				F11DB5111DD9AD060084F9F4 /* SDWebImagePrefetcher.h */,
				F11DB5121DD9AD060084F9F4 /* SDWebImagePrefetcher.m */,
				F11DB5131DD9AD060084F9F4 /* UIButton+WebCache.h */,
				F11DB5141DD9AD060084F9F4 /* UIButton+WebCache.m */,
				F11DB5151DD9AD060084F9F4 /* UIImage+GIF.h */,
				F11DB5161DD9AD060084F9F4 /* UIImage+GIF.m */,
				F11DB5171DD9AD060084F9F4 /* UIImage+MultiFormat.h */,
				F11DB5181DD9AD060084F9F4 /* UIImage+MultiFormat.m */,
				F11DB5191DD9AD060084F9F4 /* UIImage+WebP.h */,
				F11DB51A1DD9AD060084F9F4 /* UIImage+WebP.m */,
				F11DB51B1DD9AD060084F9F4 /* UIImageView+HighlightedWebCache.h */,
				F11DB51C1DD9AD060084F9F4 /* UIImageView+HighlightedWebCache.m */,
				F11DB51D1DD9AD060084F9F4 /* UIImageView+WebCache.h */,
				F11DB51E1DD9AD060084F9F4 /* UIImageView+WebCache.m */,
				F11DB4FC1DD9ACF10084F9F4 /* SWRevealViewController.h */,
				F11DB4FD1DD9ACF10084F9F4 /* SWRevealViewController.m */,
			);
			name = SDWebImage;
			sourceTree = "<group>";
		};
		F12C27441DCE45A800AEE0A3 = {
			isa = PBXGroup;
			children = (
				F11B75F91DE0C70C0075DDCB /* MyTabViewController.swift */,
				F11DB53E1DD9ADC70084F9F4 /* SDWebImage */,
				F12C274F1DCE45A800AEE0A3 /* ShoutAboutApp */,
				F12C274E1DCE45A800AEE0A3 /* Products */,
			);
			sourceTree = "<group>";
		};
		F12C274E1DCE45A800AEE0A3 /* Products */ = {
			isa = PBXGroup;
			children = (
				F12C274D1DCE45A800AEE0A3 /* ShoutAboutApp.app */,
			);
			name = Products;
			sourceTree = "<group>";
		};
		F12C274F1DCE45A800AEE0A3 /* ShoutAboutApp */ = {
			isa = PBXGroup;
			children = (
				F16FC7271DD64BCC009CC979 /* Network */,
				F18839311DD8CF0A00362B1B /* LoginAndOTP */,
				F12C27721DCF079E00AEE0A3 /* InputTableViewCell.swift */,
				F12C27741DCF07BB00AEE0A3 /* ClickTableViewCell.swift */,
				F12C27781DCF497F00AEE0A3 /* ContactTableViewCell.swift */,
				F12C27541DCE45A800AEE0A3 /* Main.storyboard */,
				F11B75F11DDF90450075DDCB /* Search */,
				F100A7D11DDB9D9C00DD320C /* LeftView */,
				F11B75F41DE062460075DDCB /* Chat */,
				F18839261DD86A6F00362B1B /* EditProfileTableViewCell.swift */,
				F18839241DD8573B00362B1B /* UesrReviewTableViewCell.swift */,
				F12713B11DCFC105005928AD /* WriteReviewTableViewCell.swift */,
				F12C277C1DCF761D00AEE0A3 /* FeedsViewController.swift */,
				F100A7CE1DDB9B5D00DD320C /* Profile */,
				F12C27761DCF3DFA00AEE0A3 /* ContactViewController.swift */,
				F12C27821DCF85CB00AEE0A3 /* RateANdReviewViewController.swift */,
				F12713AF1DCF9E9F005928AD /* RatingTableViewCell.swift */,
				F18839221DD83BE400362B1B /* ReviewTableViewCell.swift */,
				F12C27571DCE45A800AEE0A3 /* Assets.xcassets */,
				F12C27591DCE45A800AEE0A3 /* LaunchScreen.storyboard */,
				F12C275C1DCE45A800AEE0A3 /* Info.plist */,
			);
			path = ShoutAboutApp;
			sourceTree = "<group>";
		};
		F16FC7271DD64BCC009CC979 /* Network */ = {
			isa = PBXGroup;
			children = (
				F18839301DD8CEE800362B1B /* Header */,
				F12C27681DCE66D900AEE0A3 /* URLPath.swift */,
				F12C27501DCE45A800AEE0A3 /* AppDelegate.swift */,
				F12C27661DCE662800AEE0A3 /* BaseNSURLSession.swift */,
				F12C276A1DCE6DDF00AEE0A3 /* DataSession.swift */,
				F12C27641DCE643D00AEE0A3 /* NetworkConnectivity.swift */,
			);
			name = Network;
			sourceTree = "<group>";
		};
		F18839301DD8CEE800362B1B /* Header */ = {
			isa = PBXGroup;
			children = (
				F188392C1DD8CED200362B1B /* ShoutAboutApp-Bridging-Header.h */,
			);
			name = Header;
			sourceTree = "<group>";
		};
		F18839311DD8CF0A00362B1B /* LoginAndOTP */ = {
			isa = PBXGroup;
			children = (
				F12C27701DCEFDE100AEE0A3 /* JoinViewController.swift */,
				F12C276E1DCE77A900AEE0A3 /* OTPViewController.swift */,
				F12C27521DCE45A800AEE0A3 /* ViewController.swift */,
			);
			name = LoginAndOTP;
			sourceTree = "<group>";
		};
/* End PBXGroup section */

/* Begin PBXNativeTarget section */
		F12C274C1DCE45A800AEE0A3 /* ShoutAboutApp */ = {
			isa = PBXNativeTarget;
			buildConfigurationList = F12C275F1DCE45A800AEE0A3 /* Build configuration list for PBXNativeTarget "ShoutAboutApp" */;
			buildPhases = (
				F12C27491DCE45A800AEE0A3 /* Sources */,
				F12C274A1DCE45A800AEE0A3 /* Frameworks */,
				F12C274B1DCE45A800AEE0A3 /* Resources */,
			);
			buildRules = (
			);
			dependencies = (
			);
			name = ShoutAboutApp;
			productName = ShoutAboutApp;
			productReference = F12C274D1DCE45A800AEE0A3 /* ShoutAboutApp.app */;
			productType = "com.apple.product-type.application";
		};
/* End PBXNativeTarget section */

/* Begin PBXProject section */
		F12C27451DCE45A800AEE0A3 /* Project object */ = {
			isa = PBXProject;
			attributes = {
				LastSwiftUpdateCheck = 0730;
				LastUpgradeCheck = 0730;
				ORGANIZATIONNAME = "VIRENDRA GUPTA";
				TargetAttributes = {
					F12C274C1DCE45A800AEE0A3 = {
						CreatedOnToolsVersion = 7.3.1;
						DevelopmentTeam = DAU95HF65T;
						SystemCapabilities = {
							com.apple.Push = {
								enabled = 1;
							};
						};
					};
				};
			};
			buildConfigurationList = F12C27481DCE45A800AEE0A3 /* Build configuration list for PBXProject "ShoutAboutApp" */;
			compatibilityVersion = "Xcode 3.2";
			developmentRegion = English;
			hasScannedForEncodings = 0;
			knownRegions = (
				en,
				Base,
			);
			mainGroup = F12C27441DCE45A800AEE0A3;
			productRefGroup = F12C274E1DCE45A800AEE0A3 /* Products */;
			projectDirPath = "";
			projectRoot = "";
			targets = (
				F12C274C1DCE45A800AEE0A3 /* ShoutAboutApp */,
			);
		};
/* End PBXProject section */

/* Begin PBXResourcesBuildPhase section */
		F12C274B1DCE45A800AEE0A3 /* Resources */ = {
			isa = PBXResourcesBuildPhase;
			buildActionMask = 2147483647;
			files = (
				F12C275B1DCE45A800AEE0A3 /* LaunchScreen.storyboard in Resources */,
				F12C27581DCE45A800AEE0A3 /* Assets.xcassets in Resources */,
				F11DB4F81DD9AB170084F9F4 /* SDWebImage in Resources */,
				F12C27561DCE45A800AEE0A3 /* Main.storyboard in Resources */,
				F11DB4F91DD9AB170084F9F4 /* SWReveal in Resources */,
			);
			runOnlyForDeploymentPostprocessing = 0;
		};
/* End PBXResourcesBuildPhase section */

/* Begin PBXSourcesBuildPhase section */
		F12C27491DCE45A800AEE0A3 /* Sources */ = {
			isa = PBXSourcesBuildPhase;
			buildActionMask = 2147483647;
			files = (
				F11DB51F1DD9AD060084F9F4 /* MKAnnotationView+WebCache.h in Sources */,
				F11DB5201DD9AD060084F9F4 /* MKAnnotationView+WebCache.m in Sources */,
				F11DB5211DD9AD060084F9F4 /* NSData+ImageContentType.h in Sources */,
				F11DB5221DD9AD060084F9F4 /* NSData+ImageContentType.m in Sources */,
				F11DB5231DD9AD060084F9F4 /* SDImageCache.h in Sources */,
				F11DB5241DD9AD060084F9F4 /* SDImageCache.m in Sources */,
				F11DB5251DD9AD060084F9F4 /* SDWebImageCompat.h in Sources */,
				F11DB5261DD9AD060084F9F4 /* SDWebImageCompat.m in Sources */,
				F11DB5271DD9AD060084F9F4 /* SDWebImageDecoder.h in Sources */,
				F11DB5281DD9AD060084F9F4 /* SDWebImageDecoder.m in Sources */,
				F11DB5291DD9AD060084F9F4 /* SDWebImageDownloader.h in Sources */,
				F11DB52A1DD9AD060084F9F4 /* SDWebImageDownloader.m in Sources */,
				F11DB52B1DD9AD060084F9F4 /* SDWebImageDownloaderOperation.h in Sources */,
				F11DB52C1DD9AD060084F9F4 /* SDWebImageDownloaderOperation.m in Sources */,
				F11DB52D1DD9AD060084F9F4 /* SDWebImageManager.h in Sources */,
				F11DB52E1DD9AD060084F9F4 /* SDWebImageManager.m in Sources */,
				F11DB52F1DD9AD060084F9F4 /* SDWebImageOperation.h in Sources */,
				F11DB5301DD9AD060084F9F4 /* SDWebImagePrefetcher.h in Sources */,
				F11DB5311DD9AD060084F9F4 /* SDWebImagePrefetcher.m in Sources */,
				F11DB5321DD9AD060084F9F4 /* UIButton+WebCache.h in Sources */,
				F11DB5331DD9AD060084F9F4 /* UIButton+WebCache.m in Sources */,
				F11B75F01DDF844B0075DDCB /* MainSearchViewController.swift in Sources */,
				F11DB5341DD9AD060084F9F4 /* UIImage+GIF.h in Sources */,
				F11DB5351DD9AD060084F9F4 /* UIImage+GIF.m in Sources */,
				F11B75F61DE071FB0075DDCB /* ChatPersionTableViewCell.swift in Sources */,
				F11DB5361DD9AD060084F9F4 /* UIImage+MultiFormat.h in Sources */,
				F11DB5371DD9AD060084F9F4 /* UIImage+MultiFormat.m in Sources */,
				F11DB5381DD9AD060084F9F4 /* UIImage+WebP.h in Sources */,
				F11DB5391DD9AD060084F9F4 /* UIImage+WebP.m in Sources */,
				F11DB53A1DD9AD060084F9F4 /* UIImageView+HighlightedWebCache.h in Sources */,
				F11DB53B1DD9AD060084F9F4 /* UIImageView+HighlightedWebCache.m in Sources */,
				F11DB53C1DD9AD060084F9F4 /* UIImageView+WebCache.h in Sources */,
				F11DB53D1DD9AD060084F9F4 /* UIImageView+WebCache.m in Sources */,
				F11DB4FE1DD9ACF10084F9F4 /* SWRevealViewController.h in Sources */,
				F11DB4FF1DD9ACF10084F9F4 /* SWRevealViewController.m in Sources */,
				F12713B21DCFC105005928AD /* WriteReviewTableViewCell.swift in Sources */,
				F12C27791DCF497F00AEE0A3 /* ContactTableViewCell.swift in Sources */,
				F12C27831DCF85CB00AEE0A3 /* RateANdReviewViewController.swift in Sources */,
				F12713B01DCF9E9F005928AD /* RatingTableViewCell.swift in Sources */,
				F12C27751DCF07BB00AEE0A3 /* ClickTableViewCell.swift in Sources */,
				F12C27811DCF765300AEE0A3 /* ChatViewController.swift in Sources */,
				F12C277D1DCF761D00AEE0A3 /* FeedsViewController.swift in Sources */,
				F12C276B1DCE6DDF00AEE0A3 /* DataSession.swift in Sources */,
				F18839291DD877C000362B1B /* ChattingViewController.swift in Sources */,
				F12C27671DCE662800AEE0A3 /* BaseNSURLSession.swift in Sources */,
				F18839251DD8573B00362B1B /* UesrReviewTableViewCell.swift in Sources */,
				F188392B1DD8A76B00362B1B /* ChattingTableViewCell.swift in Sources */,
				F12C27711DCEFDE100AEE0A3 /* JoinViewController.swift in Sources */,
				F18839271DD86A6F00362B1B /* EditProfileTableViewCell.swift in Sources */,
				F12C27531DCE45A800AEE0A3 /* ViewController.swift in Sources */,
				F12C27651DCE643D00AEE0A3 /* NetworkConnectivity.swift in Sources */,
				F18839331DD8D26400362B1B /* LeftViewController.swift in Sources */,
				F12C27771DCF3DFA00AEE0A3 /* ContactViewController.swift in Sources */,
				F12C277B1DCF75F800AEE0A3 /* SearchViewController.swift in Sources */,
				F11B75FA1DE0C70C0075DDCB /* MyTabViewController.swift in Sources */,
				F12C27691DCE66D900AEE0A3 /* URLPath.swift in Sources */,
				F12C276F1DCE77A900AEE0A3 /* OTPViewController.swift in Sources */,
				F12C277F1DCF763F00AEE0A3 /* ProfileViewController.swift in Sources */,
				F18839231DD83BE400362B1B /* ReviewTableViewCell.swift in Sources */,
				F12C27731DCF079E00AEE0A3 /* InputTableViewCell.swift in Sources */,
				F12C27511DCE45A800AEE0A3 /* AppDelegate.swift in Sources */,
			);
			runOnlyForDeploymentPostprocessing = 0;
		};
/* End PBXSourcesBuildPhase section */

/* Begin PBXVariantGroup section */
		F12C27541DCE45A800AEE0A3 /* Main.storyboard */ = {
			isa = PBXVariantGroup;
			children = (
				F12C27551DCE45A800AEE0A3 /* Base */,
			);
			name = Main.storyboard;
			sourceTree = "<group>";
		};
		F12C27591DCE45A800AEE0A3 /* LaunchScreen.storyboard */ = {
			isa = PBXVariantGroup;
			children = (
				F12C275A1DCE45A800AEE0A3 /* Base */,
			);
			name = LaunchScreen.storyboard;
			sourceTree = "<group>";
		};
/* End PBXVariantGroup section */

/* Begin XCBuildConfiguration section */
		F12C275D1DCE45A800AEE0A3 /* Debug */ = {
			isa = XCBuildConfiguration;
			buildSettings = {
				ALWAYS_SEARCH_USER_PATHS = NO;
				CLANG_ANALYZER_NONNULL = YES;
				CLANG_CXX_LANGUAGE_STANDARD = "gnu++0x";
				CLANG_CXX_LIBRARY = "libc++";
				CLANG_ENABLE_MODULES = YES;
				CLANG_ENABLE_OBJC_ARC = YES;
				CLANG_WARN_BOOL_CONVERSION = YES;
				CLANG_WARN_CONSTANT_CONVERSION = YES;
				CLANG_WARN_DIRECT_OBJC_ISA_USAGE = YES_ERROR;
				CLANG_WARN_EMPTY_BODY = YES;
				CLANG_WARN_ENUM_CONVERSION = YES;
				CLANG_WARN_INT_CONVERSION = YES;
				CLANG_WARN_OBJC_ROOT_CLASS = YES_ERROR;
				CLANG_WARN_UNREACHABLE_CODE = YES;
				CLANG_WARN__DUPLICATE_METHOD_MATCH = YES;
				"CODE_SIGN_IDENTITY[sdk=iphoneos*]" = "iPhone Developer";
				COPY_PHASE_STRIP = NO;
				DEBUG_INFORMATION_FORMAT = dwarf;
				ENABLE_STRICT_OBJC_MSGSEND = YES;
				ENABLE_TESTABILITY = YES;
				GCC_C_LANGUAGE_STANDARD = gnu99;
				GCC_DYNAMIC_NO_PIC = NO;
				GCC_NO_COMMON_BLOCKS = YES;
				GCC_OPTIMIZATION_LEVEL = 0;
				GCC_PREPROCESSOR_DEFINITIONS = (
					"DEBUG=1",
					"$(inherited)",
				);
				GCC_WARN_64_TO_32_BIT_CONVERSION = YES;
				GCC_WARN_ABOUT_RETURN_TYPE = YES_ERROR;
				GCC_WARN_UNDECLARED_SELECTOR = YES;
				GCC_WARN_UNINITIALIZED_AUTOS = YES_AGGRESSIVE;
				GCC_WARN_UNUSED_FUNCTION = YES;
				GCC_WARN_UNUSED_VARIABLE = YES;
				IPHONEOS_DEPLOYMENT_TARGET = 9.3;
				MTL_ENABLE_DEBUG_INFO = YES;
				ONLY_ACTIVE_ARCH = YES;
				SDKROOT = iphoneos;
				SWIFT_OPTIMIZATION_LEVEL = "-Onone";
			};
			name = Debug;
		};
		F12C275E1DCE45A800AEE0A3 /* Release */ = {
			isa = XCBuildConfiguration;
			buildSettings = {
				ALWAYS_SEARCH_USER_PATHS = NO;
				CLANG_ANALYZER_NONNULL = YES;
				CLANG_CXX_LANGUAGE_STANDARD = "gnu++0x";
				CLANG_CXX_LIBRARY = "libc++";
				CLANG_ENABLE_MODULES = YES;
				CLANG_ENABLE_OBJC_ARC = YES;
				CLANG_WARN_BOOL_CONVERSION = YES;
				CLANG_WARN_CONSTANT_CONVERSION = YES;
				CLANG_WARN_DIRECT_OBJC_ISA_USAGE = YES_ERROR;
				CLANG_WARN_EMPTY_BODY = YES;
				CLANG_WARN_ENUM_CONVERSION = YES;
				CLANG_WARN_INT_CONVERSION = YES;
				CLANG_WARN_OBJC_ROOT_CLASS = YES_ERROR;
				CLANG_WARN_UNREACHABLE_CODE = YES;
				CLANG_WARN__DUPLICATE_METHOD_MATCH = YES;
				"CODE_SIGN_IDENTITY[sdk=iphoneos*]" = "iPhone Developer";
				COPY_PHASE_STRIP = NO;
				DEBUG_INFORMATION_FORMAT = "dwarf-with-dsym";
				ENABLE_NS_ASSERTIONS = NO;
				ENABLE_STRICT_OBJC_MSGSEND = YES;
				GCC_C_LANGUAGE_STANDARD = gnu99;
				GCC_NO_COMMON_BLOCKS = YES;
				GCC_WARN_64_TO_32_BIT_CONVERSION = YES;
				GCC_WARN_ABOUT_RETURN_TYPE = YES_ERROR;
				GCC_WARN_UNDECLARED_SELECTOR = YES;
				GCC_WARN_UNINITIALIZED_AUTOS = YES_AGGRESSIVE;
				GCC_WARN_UNUSED_FUNCTION = YES;
				GCC_WARN_UNUSED_VARIABLE = YES;
				IPHONEOS_DEPLOYMENT_TARGET = 9.3;
				MTL_ENABLE_DEBUG_INFO = NO;
				SDKROOT = iphoneos;
				VALIDATE_PRODUCT = YES;
			};
			name = Release;
		};
		F12C27601DCE45A800AEE0A3 /* Debug */ = {
			isa = XCBuildConfiguration;
			buildSettings = {
				ASSETCATALOG_COMPILER_APPICON_NAME = AppIcon;
				CLANG_ENABLE_MODULES = YES;
				CODE_SIGN_IDENTITY = "iPhone Developer";
				"CODE_SIGN_IDENTITY[sdk=iphoneos*]" = "iPhone Developer";
				INFOPLIST_FILE = ShoutAboutApp/Info.plist;
				LD_RUNPATH_SEARCH_PATHS = "$(inherited) @executable_path/Frameworks";
				PRODUCT_BUNDLE_IDENTIFIER = co.in.varyavega.ShoutAboutApp;
				PRODUCT_NAME = "$(TARGET_NAME)";
				PROVISIONING_PROFILE = "";
				SWIFT_OBJC_BRIDGING_HEADER = "ShoutAboutApp/ShoutAboutApp-Bridging-Header.h";
				SWIFT_OPTIMIZATION_LEVEL = "-Onone";
			};
			name = Debug;
		};
		F12C27611DCE45A800AEE0A3 /* Release */ = {
			isa = XCBuildConfiguration;
			buildSettings = {
				ASSETCATALOG_COMPILER_APPICON_NAME = AppIcon;
				CLANG_ENABLE_MODULES = YES;
				CODE_SIGN_IDENTITY = "iPhone Developer";
				"CODE_SIGN_IDENTITY[sdk=iphoneos*]" = "iPhone Developer";
				INFOPLIST_FILE = ShoutAboutApp/Info.plist;
				LD_RUNPATH_SEARCH_PATHS = "$(inherited) @executable_path/Frameworks";
				PRODUCT_BUNDLE_IDENTIFIER = co.in.varyavega.ShoutAboutApp;
				PRODUCT_NAME = "$(TARGET_NAME)";
				PROVISIONING_PROFILE = "";
				SWIFT_OBJC_BRIDGING_HEADER = "ShoutAboutApp/ShoutAboutApp-Bridging-Header.h";
			};
			name = Release;
		};
/* End XCBuildConfiguration section */

/* Begin XCConfigurationList section */
		F12C27481DCE45A800AEE0A3 /* Build configuration list for PBXProject "ShoutAboutApp" */ = {
			isa = XCConfigurationList;
			buildConfigurations = (
				F12C275D1DCE45A800AEE0A3 /* Debug */,
				F12C275E1DCE45A800AEE0A3 /* Release */,
			);
			defaultConfigurationIsVisible = 0;
			defaultConfigurationName = Release;
		};
		F12C275F1DCE45A800AEE0A3 /* Build configuration list for PBXNativeTarget "ShoutAboutApp" */ = {
			isa = XCConfigurationList;
			buildConfigurations = (
				F12C27601DCE45A800AEE0A3 /* Debug */,
				F12C27611DCE45A800AEE0A3 /* Release */,
			);
			defaultConfigurationIsVisible = 0;
			defaultConfigurationName = Release;
		};
/* End XCConfigurationList section */
	};
	rootObject = F12C27451DCE45A800AEE0A3 /* Project object */;
}
